
Microsoft Visual Studio Solution File, Format Version 12.00
# Visual Studio Version 16
VisualStudioVersion = 16.0.30611.23
MinimumVisualStudioVersion = 10.0.40219.1
Project("{FAE04EC0-301F-11D3-BF4B-00C04F79EFBC}") = "QueuingForm", "QueuingForm\QueuingForm.csproj", "{156539A3-DE35-4BA6-8DDF-4989692208D5}"
EndProject
Global
	GlobalSection(SolutionConfigurationPlatforms) = preSolution
		Debug|Any CPU = Debug|Any CPU
		Release|Any CPU = Release|Any CPU
	EndGlobalSection
	GlobalSection(ProjectConfigurationPlatforms) = postSolution
		{156539A3-DE35-4BA6-8DDF-4989692208D5}.Debug|Any CPU.ActiveCfg = Debug|Any CPU
		{156539A3-DE35-4BA6-8DDF-4989692208D5}.Debug|Any CPU.Build.0 = Debug|Any CPU
		{156539A3-DE35-4BA6-8DDF-4989692208D5}.Release|Any CPU.ActiveCfg = Release|Any CPU
		{156539A3-DE35-4BA6-8DDF-4989692208D5}.Release|Any CPU.Build.0 = Release|Any CPU
	EndGlobalSection
	GlobalSection(SolutionProperties) = preSolution
		HideSolutionNode = FALSE
	EndGlobalSection
	GlobalSection(ExtensibilityGlobals) = postSolution
		SolutionGuid = {291895F5-8C3A-42F4-A06F-C1CABC6BC2BE}
	EndGlobalSection
EndGlobal
